
Microsoft Visual Studio Solution File, Format Version 12.00
# Visual Studio Version 17
VisualStudioVersion = 17.3.32929.385
MinimumVisualStudioVersion = 10.0.40219.1
Project("{FAE04EC0-301F-11D3-BF4B-00C04F79EFBC}") = "UserService", "UserService\UserService.csproj", "{748ED01D-E355-460D-A1B4-4571D0BBBF9A}"
EndProject
Project("{FAE04EC0-301F-11D3-BF4B-00C04F79EFBC}") = "CheckBookService", "CheckBookService\CheckBookService.csproj", "{06CCA9A9-4EBC-4880-9E05-C69AE663D06B}"
EndProject
Project("{FAE04EC0-301F-11D3-BF4B-00C04F79EFBC}") = "AtmPinService", "AtmPinService\AtmPinService.csproj", "{65231AE3-5394-44CD-9877-7F700BD82D0E}"
EndProject
Project("{FAE04EC0-301F-11D3-BF4B-00C04F79EFBC}") = "FundTransferService", "FundTransferService\FundTransferService.csproj", "{DCDCF54F-48FB-4A31-B381-9227F57F5E71}"
EndProject
Project("{FAE04EC0-301F-11D3-BF4B-00C04F79EFBC}") = "TransactionService", "TransactionService\TransactionService.csproj", "{68C0876A-0431-410D-A178-2A780ECFD65F}"
EndProject
Global
	GlobalSection(SolutionConfigurationPlatforms) = preSolution
		Debug|Any CPU = Debug|Any CPU
		Release|Any CPU = Release|Any CPU
	EndGlobalSection
	GlobalSection(ProjectConfigurationPlatforms) = postSolution
		{748ED01D-E355-460D-A1B4-4571D0BBBF9A}.Debug|Any CPU.ActiveCfg = Debug|Any CPU
		{748ED01D-E355-460D-A1B4-4571D0BBBF9A}.Debug|Any CPU.Build.0 = Debug|Any CPU
		{748ED01D-E355-460D-A1B4-4571D0BBBF9A}.Release|Any CPU.ActiveCfg = Release|Any CPU
		{748ED01D-E355-460D-A1B4-4571D0BBBF9A}.Release|Any CPU.Build.0 = Release|Any CPU
		{06CCA9A9-4EBC-4880-9E05-C69AE663D06B}.Debug|Any CPU.ActiveCfg = Debug|Any CPU
		{06CCA9A9-4EBC-4880-9E05-C69AE663D06B}.Debug|Any CPU.Build.0 = Debug|Any CPU
		{06CCA9A9-4EBC-4880-9E05-C69AE663D06B}.Release|Any CPU.ActiveCfg = Release|Any CPU
		{06CCA9A9-4EBC-4880-9E05-C69AE663D06B}.Release|Any CPU.Build.0 = Release|Any CPU
		{65231AE3-5394-44CD-9877-7F700BD82D0E}.Debug|Any CPU.ActiveCfg = Debug|Any CPU
		{65231AE3-5394-44CD-9877-7F700BD82D0E}.Debug|Any CPU.Build.0 = Debug|Any CPU
		{65231AE3-5394-44CD-9877-7F700BD82D0E}.Release|Any CPU.ActiveCfg = Release|Any CPU
		{65231AE3-5394-44CD-9877-7F700BD82D0E}.Release|Any CPU.Build.0 = Release|Any CPU
		{DCDCF54F-48FB-4A31-B381-9227F57F5E71}.Debug|Any CPU.ActiveCfg = Debug|Any CPU
		{DCDCF54F-48FB-4A31-B381-9227F57F5E71}.Debug|Any CPU.Build.0 = Debug|Any CPU
		{DCDCF54F-48FB-4A31-B381-9227F57F5E71}.Release|Any CPU.ActiveCfg = Release|Any CPU
		{DCDCF54F-48FB-4A31-B381-9227F57F5E71}.Release|Any CPU.Build.0 = Release|Any CPU
		{68C0876A-0431-410D-A178-2A780ECFD65F}.Debug|Any CPU.ActiveCfg = Debug|Any CPU
		{68C0876A-0431-410D-A178-2A780ECFD65F}.Debug|Any CPU.Build.0 = Debug|Any CPU
		{68C0876A-0431-410D-A178-2A780ECFD65F}.Release|Any CPU.ActiveCfg = Release|Any CPU
		{68C0876A-0431-410D-A178-2A780ECFD65F}.Release|Any CPU.Build.0 = Release|Any CPU
	EndGlobalSection
	GlobalSection(SolutionProperties) = preSolution
		HideSolutionNode = FALSE
	EndGlobalSection
	GlobalSection(ExtensibilityGlobals) = postSolution
		SolutionGuid = {FCB05098-4A7A-4BAF-AAC7-CFBE1ECBE2E0}
	EndGlobalSection
EndGlobal
